
Microsoft Visual Studio Solution File, Format Version 12.00
# Visual Studio Version 16
VisualStudioVersion = 16.0.31229.75
MinimumVisualStudioVersion = 10.0.40219.1
Project("{FAE04EC0-301F-11D3-BF4B-00C04F79EFBC}") = "GenericCollectionsEx", "GenericCollectionsEx\GenericCollectionsEx.csproj", "{0EE6E596-320A-415A-AFDC-57A7B11DA66B}"
EndProject
Global
	GlobalSection(SolutionConfigurationPlatforms) = preSolution
		Debug|Any CPU = Debug|Any CPU
		Release|Any CPU = Release|Any CPU
	EndGlobalSection
	GlobalSection(ProjectConfigurationPlatforms) = postSolution
		{0EE6E596-320A-415A-AFDC-57A7B11DA66B}.Debug|Any CPU.ActiveCfg = Debug|Any CPU
		{0EE6E596-320A-415A-AFDC-57A7B11DA66B}.Debug|Any CPU.Build.0 = Debug|Any CPU
		{0EE6E596-320A-415A-AFDC-57A7B11DA66B}.Release|Any CPU.ActiveCfg = Release|Any CPU
		{0EE6E596-320A-415A-AFDC-57A7B11DA66B}.Release|Any CPU.Build.0 = Release|Any CPU
	EndGlobalSection
	GlobalSection(SolutionProperties) = preSolution
		HideSolutionNode = FALSE
	EndGlobalSection
	GlobalSection(ExtensibilityGlobals) = postSolution
		SolutionGuid = {A002CF01-34CA-487C-B62D-949CE018626F}
	EndGlobalSection
EndGlobal
